
Microsoft Visual Studio Solution File, Format Version 12.00
# Visual Studio Version 17
VisualStudioVersion = 17.5.002.0
MinimumVisualStudioVersion = 10.0.40219.1
Project("{9A19103F-16F7-4668-BE54-9A1E7A4F7556}") = "maui0", "maui0.csproj", "{FF0088B4-205D-4505-BB0D-5BA0CC1604A1}"
EndProject
Global
	GlobalSection(SolutionConfigurationPlatforms) = preSolution
		Debug|Any CPU = Debug|Any CPU
		Release|Any CPU = Release|Any CPU
	EndGlobalSection
	GlobalSection(ProjectConfigurationPlatforms) = postSolution
		{FF0088B4-205D-4505-BB0D-5BA0CC1604A1}.Debug|Any CPU.ActiveCfg = Debug|Any CPU
		{FF0088B4-205D-4505-BB0D-5BA0CC1604A1}.Debug|Any CPU.Build.0 = Debug|Any CPU
		{FF0088B4-205D-4505-BB0D-5BA0CC1604A1}.Release|Any CPU.ActiveCfg = Release|Any CPU
		{FF0088B4-205D-4505-BB0D-5BA0CC1604A1}.Release|Any CPU.Build.0 = Release|Any CPU
	EndGlobalSection
	GlobalSection(SolutionProperties) = preSolution
		HideSolutionNode = FALSE
	EndGlobalSection
	GlobalSection(ExtensibilityGlobals) = postSolution
		SolutionGuid = {63C8E246-D830-42C4-BE66-05B768B9C534}
	EndGlobalSection
EndGlobal
